{
  "requires": true,
  "lockfileVersion": 1,
  "dependencies": {
    "@types/geojson": {
      "version": "7946.0.7",
      "resolved": "https://registry.npmjs.org/@types/geojson/-/geojson-7946.0.7.tgz",
      "integrity": "sha512-wE2v81i4C4Ol09RtsWFAqg3BUitWbHSpSlIo+bNdsCJijO9sjme+zm+73ZMCa/qMC8UEERxzGbvmr1cffo2SiQ=="
    },
    "@types/highcharts": {
      "version": "5.0.44",
      "resolved": "https://registry.npmjs.org/@types/highcharts/-/highcharts-5.0.44.tgz",
      "integrity": "sha512-Rby1gj3GbK7zzsbK/g9T9hoybUfM+x0sBIXrOlTnj25TIvuTkLend3nKRLLz2upvLJNo36GntO6KmTFoVQXWZA==",
      "requires": {
        "@types/geojson": "*"
      }
    },
    "exenv": {
      "version": "1.2.2",
      "resolved": "https://registry.npmjs.org/exenv/-/exenv-1.2.2.tgz",
      "integrity": "sha1-KueOhdmJQVhnCwPUe+wfA72Ru50="
    },
    "highcharts": {
      "version": "6.2.0",
      "resolved": "https://registry.npmjs.org/highcharts/-/highcharts-6.2.0.tgz",
      "integrity": "sha1-Km0EZS60PGb0Ysp+LSgI8fJ4K2E="
    },
    "js-tokens": {
      "version": "4.0.0",
      "resolved": "https://registry.npmjs.org/js-tokens/-/js-tokens-4.0.0.tgz",
      "integrity": "sha1-GSA/tZmR35jjoocFDUZHzerzJJk="
    },
    "loose-envify": {
      "version": "1.4.0",
      "resolved": "https://registry.npmjs.org/loose-envify/-/loose-envify-1.4.0.tgz",
      "integrity": "sha1-ce5R+nvkyuwaY4OffmgtgTLTDK8=",
      "requires": {
        "js-tokens": "^3.0.0 || ^4.0.0"
      }
    },
    "object-assign": {
      "version": "4.1.1",
      "resolved": "https://registry.npmjs.org/object-assign/-/object-assign-4.1.1.tgz",
      "integrity": "sha1-IQmtx5ZYh8/AXLvUQsrIv7s2CGM="
    },
    "prop-types": {
      "version": "15.7.2",
      "resolved": "https://registry.npmjs.org/prop-types/-/prop-types-15.7.2.tgz",
      "integrity": "sha1-UsQedbjIfnK52TYOAga5ncv/psU=",
      "requires": {
        "loose-envify": "^1.4.0",
        "object-assign": "^4.1.1",
        "react-is": "^16.8.1"
      }
    },
    "react": {
      "version": "16.11.0",
      "resolved": "https://registry.npmjs.org/react/-/react-16.11.0.tgz",
      "integrity": "sha512-M5Y8yITaLmU0ynd0r1Yvfq98Rmll6q8AxaEe88c8e7LxO8fZ2cNgmFt0aGAS9wzf1Ao32NKXtCl+/tVVtkxq6g==",
      "requires": {
        "loose-envify": "^1.1.0",
        "object-assign": "^4.1.1",
        "prop-types": "^15.6.2"
      }
    },
    "react-fast-compare": {
      "version": "2.0.4",
      "resolved": "https://registry.npmjs.org/react-fast-compare/-/react-fast-compare-2.0.4.tgz",
      "integrity": "sha1-6EtNRVsP7BE+BALDKTUnFRlvgfk="
    },
    "react-helmet": {
      "version": "5.2.1",
      "resolved": "https://registry.npmjs.org/react-helmet/-/react-helmet-5.2.1.tgz",
      "integrity": "sha1-FqcZL90JlR+OD+Iv/Mv5uz5ZH/o=",
      "requires": {
        "object-assign": "^4.1.1",
        "prop-types": "^15.5.4",
        "react-fast-compare": "^2.0.2",
        "react-side-effect": "^1.1.0"
      }
    },
    "react-highcharts": {
      "version": "16.1.0",
      "resolved": "https://registry.npmjs.org/react-highcharts/-/react-highcharts-16.1.0.tgz",
      "integrity": "sha1-qi1FEXEZdGLgf6hlKkK6xD2mBoo=",
      "requires": {
        "highcharts": "^6.0.4"
      }
    },
    "react-is": {
      "version": "16.9.0",
      "resolved": "https://registry.npmjs.org/react-is/-/react-is-16.9.0.tgz",
      "integrity": "sha1-IcqVYTmarQ/xp3AcAWg+jKmB7cs="
    },
    "react-side-effect": {
      "version": "1.1.5",
      "resolved": "https://registry.npmjs.org/react-side-effect/-/react-side-effect-1.1.5.tgz",
      "integrity": "sha1-8mBZ5Q7ZxibZHWYbnzyLs4zQ/y0=",
      "requires": {
        "exenv": "^1.2.1",
        "shallowequal": "^1.0.1"
      }
    },
    "shallowequal": {
      "version": "1.1.0",
      "resolved": "https://registry.npmjs.org/shallowequal/-/shallowequal-1.1.0.tgz",
      "integrity": "sha1-GI1SHelbkIdAT9TctosT3wrk5/g="
    }
  }
}
